{
  "name": "ids-drr-branding",
  "version": "0.1.0",
  "lockfileVersion": 3,
  "requires": true,
  "packages": {
    "": {
      "name": "ids-drr-branding",
      "version": "0.1.0",
      "dependencies": {
        "ids-drr-branding-types": "github:open-contracting/ids-drr-branding-types"
      },
      "peerDependencies": {
        "next": "^15",
        "next-intl": "^3.4",
        "opub-ui": "^0.5",
        "react": "^19",
        "react-dom": "^19"
      }
    },
    "node_modules/ids-drr-branding-types": {
      "version": "0.1.0",
      "resolved": "git+ssh://git@github.com/open-contracting/ids-drr-branding-types.git#eae755d4485050f8039da8495b4eb832bbc6c059"
    }
  }
}
